
Microsoft Visual Studio Solution File, Format Version 12.00
Project("{FAE04EC0-301F-11D3-BF4B-00C04F79EFBC}") = "ElevateMeLater", "ElevateMeLater\ElevateMeLater.csproj", "{889FC3BB-5EBA-45C6-8680-B4E956F0EB25}"
EndProject
Global
	GlobalSection(SolutionConfigurationPlatforms) = preSolution
		Debug|Any CPU = Debug|Any CPU
		Release|Any CPU = Release|Any CPU
	EndGlobalSection
	GlobalSection(ProjectConfigurationPlatforms) = postSolution
		{889FC3BB-5EBA-45C6-8680-B4E956F0EB25}.Debug|Any CPU.ActiveCfg = Debug|Any CPU
		{889FC3BB-5EBA-45C6-8680-B4E956F0EB25}.Debug|Any CPU.Build.0 = Debug|Any CPU
		{889FC3BB-5EBA-45C6-8680-B4E956F0EB25}.Release|Any CPU.ActiveCfg = Release|Any CPU
		{889FC3BB-5EBA-45C6-8680-B4E956F0EB25}.Release|Any CPU.Build.0 = Release|Any CPU
	EndGlobalSection
EndGlobal
